
Microsoft Visual Studio Solution File, Format Version 12.00
# Visual Studio Version 17
VisualStudioVersion = 17.10.34928.147
MinimumVisualStudioVersion = 10.0.40219.1
Project("{9A19103F-16F7-4668-BE54-9A1E7A4F7556}") = "WypozyczalniaSamochodow", "WypozyczalniaSamochodow\WypozyczalniaSamochodow.csproj", "{93C3004F-3B94-4EFC-B8A2-E360AC726162}"
EndProject
Global
	GlobalSection(SolutionConfigurationPlatforms) = preSolution
		Debug|Any CPU = Debug|Any CPU
		Release|Any CPU = Release|Any CPU
	EndGlobalSection
	GlobalSection(ProjectConfigurationPlatforms) = postSolution
		{93C3004F-3B94-4EFC-B8A2-E360AC726162}.Debug|Any CPU.ActiveCfg = Debug|Any CPU
		{93C3004F-3B94-4EFC-B8A2-E360AC726162}.Debug|Any CPU.Build.0 = Debug|Any CPU
		{93C3004F-3B94-4EFC-B8A2-E360AC726162}.Release|Any CPU.ActiveCfg = Release|Any CPU
		{93C3004F-3B94-4EFC-B8A2-E360AC726162}.Release|Any CPU.Build.0 = Release|Any CPU
	EndGlobalSection
	GlobalSection(SolutionProperties) = preSolution
		HideSolutionNode = FALSE
	EndGlobalSection
	GlobalSection(ExtensibilityGlobals) = postSolution
		SolutionGuid = {4FF9AF1D-B90A-4130-90B9-86D26CCB8315}
	EndGlobalSection
EndGlobal
